
Microsoft Visual Studio Solution File, Format Version 12.00
# Visual Studio 15
VisualStudioVersion = 15.0.28307.329
MinimumVisualStudioVersion = 10.0.40219.1
Project("{FAE04EC0-301F-11D3-BF4B-00C04F79EFBC}") = "TaxiCab.Web", "TaxiCab.Web\TaxiCab.Web.csproj", "{EDE85C4A-BE63-4C6D-BD43-6CA10C263DD4}"
EndProject
Project("{FAE04EC0-301F-11D3-BF4B-00C04F79EFBC}") = "TaxiCab.WebTests", "TaxiCab.WebTests\TaxiCab.WebTests.csproj", "{0C41EA44-4E7A-40F8-A23A-3B8048BBCA24}"
EndProject
Global
	GlobalSection(SolutionConfigurationPlatforms) = preSolution
		Debug|Any CPU = Debug|Any CPU
		Release|Any CPU = Release|Any CPU
	EndGlobalSection
	GlobalSection(ProjectConfigurationPlatforms) = postSolution
		{EDE85C4A-BE63-4C6D-BD43-6CA10C263DD4}.Debug|Any CPU.ActiveCfg = Debug|Any CPU
		{EDE85C4A-BE63-4C6D-BD43-6CA10C263DD4}.Debug|Any CPU.Build.0 = Debug|Any CPU
		{EDE85C4A-BE63-4C6D-BD43-6CA10C263DD4}.Release|Any CPU.ActiveCfg = Release|Any CPU
		{EDE85C4A-BE63-4C6D-BD43-6CA10C263DD4}.Release|Any CPU.Build.0 = Release|Any CPU
		{0C41EA44-4E7A-40F8-A23A-3B8048BBCA24}.Debug|Any CPU.ActiveCfg = Debug|Any CPU
		{0C41EA44-4E7A-40F8-A23A-3B8048BBCA24}.Debug|Any CPU.Build.0 = Debug|Any CPU
		{0C41EA44-4E7A-40F8-A23A-3B8048BBCA24}.Release|Any CPU.ActiveCfg = Release|Any CPU
		{0C41EA44-4E7A-40F8-A23A-3B8048BBCA24}.Release|Any CPU.Build.0 = Release|Any CPU
	EndGlobalSection
	GlobalSection(SolutionProperties) = preSolution
		HideSolutionNode = FALSE
	EndGlobalSection
	GlobalSection(ExtensibilityGlobals) = postSolution
		SolutionGuid = {C5186F6F-8A7E-4324-87BC-05F38281D6CA}
	EndGlobalSection
EndGlobal
